// !$*UTF8*$!
{
	archiveVersion = 1;
	classes = {
	};
	objectVersion = 50;
	objects = {

/* Begin PBXBuildFile section */
		41DA439322DEF35200E12211 /* AppDelegate.swift in Sources */ = {isa = PBXBuildFile; fileRef = 41DA439222DEF35200E12211 /* AppDelegate.swift */; };
		41DA439522DEF35200E12211 /* GameScene.sks in Resources */ = {isa = PBXBuildFile; fileRef = 41DA439422DEF35200E12211 /* GameScene.sks */; };
		41DA439722DEF35200E12211 /* Actions.sks in Resources */ = {isa = PBXBuildFile; fileRef = 41DA439622DEF35200E12211 /* Actions.sks */; };
		41DA439922DEF35200E12211 /* GameScene.swift in Sources */ = {isa = PBXBuildFile; fileRef = 41DA439822DEF35200E12211 /* GameScene.swift */; };
		41DA439B22DEF35200E12211 /* GameViewController.swift in Sources */ = {isa = PBXBuildFile; fileRef = 41DA439A22DEF35200E12211 /* GameViewController.swift */; };
		41DA439E22DEF35200E12211 /* Main.storyboard in Resources */ = {isa = PBXBuildFile; fileRef = 41DA439C22DEF35200E12211 /* Main.storyboard */; };
		41DA43A022DEF35400E12211 /* Assets.xcassets in Resources */ = {isa = PBXBuildFile; fileRef = 41DA439F22DEF35400E12211 /* Assets.xcassets */; };
		41DA43A322DEF35400E12211 /* LaunchScreen.storyboard in Resources */ = {isa = PBXBuildFile; fileRef = 41DA43A122DEF35400E12211 /* LaunchScreen.storyboard */; };
		41DA43AE22DEF35400E12211 /* generaterTests.swift in Sources */ = {isa = PBXBuildFile; fileRef = 41DA43AD22DEF35400E12211 /* generaterTests.swift */; };
		41DA43B922DEF35400E12211 /* generaterUITests.swift in Sources */ = {isa = PBXBuildFile; fileRef = 41DA43B822DEF35400E12211 /* generaterUITests.swift */; };
/* End PBXBuildFile section */

/* Begin PBXContainerItemProxy section */
		41DA43AA22DEF35400E12211 /* PBXContainerItemProxy */ = {
			isa = PBXContainerItemProxy;
			containerPortal = 41DA438722DEF35200E12211 /* Project object */;
			proxyType = 1;
			remoteGlobalIDString = 41DA438E22DEF35200E12211;
			remoteInfo = generater;
		};
		41DA43B522DEF35400E12211 /* PBXContainerItemProxy */ = {
			isa = PBXContainerItemProxy;
			containerPortal = 41DA438722DEF35200E12211 /* Project object */;
			proxyType = 1;
			remoteGlobalIDString = 41DA438E22DEF35200E12211;
			remoteInfo = generater;
		};
/* End PBXContainerItemProxy section */

/* Begin PBXFileReference section */
		41DA438F22DEF35200E12211 /* generater.app */ = {isa = PBXFileReference; explicitFileType = wrapper.application; includeInIndex = 0; path = generater.app; sourceTree = BUILT_PRODUCTS_DIR; };
		41DA439222DEF35200E12211 /* AppDelegate.swift */ = {isa = PBXFileReference; lastKnownFileType = sourcecode.swift; path = AppDelegate.swift; sourceTree = "<group>"; };
		41DA439422DEF35200E12211 /* GameScene.sks */ = {isa = PBXFileReference; lastKnownFileType = file.sks; path = GameScene.sks; sourceTree = "<group>"; };
		41DA439622DEF35200E12211 /* Actions.sks */ = {isa = PBXFileReference; lastKnownFileType = file.sks; path = Actions.sks; sourceTree = "<group>"; };
		41DA439822DEF35200E12211 /* GameScene.swift */ = {isa = PBXFileReference; lastKnownFileType = sourcecode.swift; path = GameScene.swift; sourceTree = "<group>"; };
		41DA439A22DEF35200E12211 /* GameViewController.swift */ = {isa = PBXFileReference; lastKnownFileType = sourcecode.swift; path = GameViewController.swift; sourceTree = "<group>"; };
		41DA439D22DEF35200E12211 /* Base */ = {isa = PBXFileReference; lastKnownFileType = file.storyboard; name = Base; path = Base.lproj/Main.storyboard; sourceTree = "<group>"; };
		41DA439F22DEF35400E12211 /* Assets.xcassets */ = {isa = PBXFileReference; lastKnownFileType = folder.assetcatalog; path = Assets.xcassets; sourceTree = "<group>"; };
		41DA43A222DEF35400E12211 /* Base */ = {isa = PBXFileReference; lastKnownFileType = file.storyboard; name = Base; path = Base.lproj/LaunchScreen.storyboard; sourceTree = "<group>"; };
		41DA43A422DEF35400E12211 /* Info.plist */ = {isa = PBXFileReference; lastKnownFileType = text.plist.xml; path = Info.plist; sourceTree = "<group>"; };
		41DA43A922DEF35400E12211 /* generaterTests.xctest */ = {isa = PBXFileReference; explicitFileType = wrapper.cfbundle; includeInIndex = 0; path = generaterTests.xctest; sourceTree = BUILT_PRODUCTS_DIR; };
		41DA43AD22DEF35400E12211 /* generaterTests.swift */ = {isa = PBXFileReference; lastKnownFileType = sourcecode.swift; path = generaterTests.swift; sourceTree = "<group>"; };
		41DA43AF22DEF35400E12211 /* Info.plist */ = {isa = PBXFileReference; lastKnownFileType = text.plist.xml; path = Info.plist; sourceTree = "<group>"; };
		41DA43B422DEF35400E12211 /* generaterUITests.xctest */ = {isa = PBXFileReference; explicitFileType = wrapper.cfbundle; includeInIndex = 0; path = generaterUITests.xctest; sourceTree = BUILT_PRODUCTS_DIR; };
		41DA43B822DEF35400E12211 /* generaterUITests.swift */ = {isa = PBXFileReference; lastKnownFileType = sourcecode.swift; path = generaterUITests.swift; sourceTree = "<group>"; };
		41DA43BA22DEF35400E12211 /* Info.plist */ = {isa = PBXFileReference; lastKnownFileType = text.plist.xml; path = Info.plist; sourceTree = "<group>"; };
/* End PBXFileReference section */

/* Begin PBXFrameworksBuildPhase section */
		41DA438C22DEF35200E12211 /* Frameworks */ = {
			isa = PBXFrameworksBuildPhase;
			buildActionMask = 2147483647;
			files = (
			);
			runOnlyForDeploymentPostprocessing = 0;
		};
		41DA43A622DEF35400E12211 /* Frameworks */ = {
			isa = PBXFrameworksBuildPhase;
			buildActionMask = 2147483647;
			files = (
			);
			runOnlyForDeploymentPostprocessing = 0;
		};
		41DA43B122DEF35400E12211 /* Frameworks */ = {
			isa = PBXFrameworksBuildPhase;
			buildActionMask = 2147483647;
			files = (
			);
			runOnlyForDeploymentPostprocessing = 0;
		};
/* End PBXFrameworksBuildPhase section */

/* Begin PBXGroup section */
		41DA438622DEF35200E12211 = {
			isa = PBXGroup;
			children = (
				41DA439122DEF35200E12211 /* generater */,
				41DA43AC22DEF35400E12211 /* generaterTests */,
				41DA43B722DEF35400E12211 /* generaterUITests */,
				41DA439022DEF35200E12211 /* Products */,
			);
			sourceTree = "<group>";
		};
		41DA439022DEF35200E12211 /* Products */ = {
			isa = PBXGroup;
			children = (
				41DA438F22DEF35200E12211 /* generater.app */,
				41DA43A922DEF35400E12211 /* generaterTests.xctest */,
				41DA43B422DEF35400E12211 /* generaterUITests.xctest */,
			);
			name = Products;
			sourceTree = "<group>";
		};
		41DA439122DEF35200E12211 /* generater */ = {
			isa = PBXGroup;
			children = (
				41DA439222DEF35200E12211 /* AppDelegate.swift */,
				41DA439422DEF35200E12211 /* GameScene.sks */,
				41DA439622DEF35200E12211 /* Actions.sks */,
				41DA439822DEF35200E12211 /* GameScene.swift */,
				41DA439A22DEF35200E12211 /* GameViewController.swift */,
				41DA439C22DEF35200E12211 /* Main.storyboard */,
				41DA439F22DEF35400E12211 /* Assets.xcassets */,
				41DA43A122DEF35400E12211 /* LaunchScreen.storyboard */,
				41DA43A422DEF35400E12211 /* Info.plist */,
			);
			path = generater;
			sourceTree = "<group>";
		};
		41DA43AC22DEF35400E12211 /* generaterTests */ = {
			isa = PBXGroup;
			children = (
				41DA43AD22DEF35400E12211 /* generaterTests.swift */,
				41DA43AF22DEF35400E12211 /* Info.plist */,
			);
			path = generaterTests;
			sourceTree = "<group>";
		};
		41DA43B722DEF35400E12211 /* generaterUITests */ = {
			isa = PBXGroup;
			children = (
				41DA43B822DEF35400E12211 /* generaterUITests.swift */,
				41DA43BA22DEF35400E12211 /* Info.plist */,
			);
			path = generaterUITests;
			sourceTree = "<group>";
		};
/* End PBXGroup section */

/* Begin PBXNativeTarget section */
		41DA438E22DEF35200E12211 /* generater */ = {
			isa = PBXNativeTarget;
			buildConfigurationList = 41DA43BD22DEF35400E12211 /* Build configuration list for PBXNativeTarget "generater" */;
			buildPhases = (
				41DA438B22DEF35200E12211 /* Sources */,
				41DA438C22DEF35200E12211 /* Frameworks */,
				41DA438D22DEF35200E12211 /* Resources */,
			);
			buildRules = (
			);
			dependencies = (
			);
			name = generater;
			productName = generater;
			productReference = 41DA438F22DEF35200E12211 /* generater.app */;
			productType = "com.apple.product-type.application";
		};
		41DA43A822DEF35400E12211 /* generaterTests */ = {
			isa = PBXNativeTarget;
			buildConfigurationList = 41DA43C022DEF35400E12211 /* Build configuration list for PBXNativeTarget "generaterTests" */;
			buildPhases = (
				41DA43A522DEF35400E12211 /* Sources */,
				41DA43A622DEF35400E12211 /* Frameworks */,
				41DA43A722DEF35400E12211 /* Resources */,
			);
			buildRules = (
			);
			dependencies = (
				41DA43AB22DEF35400E12211 /* PBXTargetDependency */,
			);
			name = generaterTests;
			productName = generaterTests;
			productReference = 41DA43A922DEF35400E12211 /* generaterTests.xctest */;
			productType = "com.apple.product-type.bundle.unit-test";
		};
		41DA43B322DEF35400E12211 /* generaterUITests */ = {
			isa = PBXNativeTarget;
			buildConfigurationList = 41DA43C322DEF35400E12211 /* Build configuration list for PBXNativeTarget "generaterUITests" */;
			buildPhases = (
				41DA43B022DEF35400E12211 /* Sources */,
				41DA43B122DEF35400E12211 /* Frameworks */,
				41DA43B222DEF35400E12211 /* Resources */,
			);
			buildRules = (
			);
			dependencies = (
				41DA43B622DEF35400E12211 /* PBXTargetDependency */,
			);
			name = generaterUITests;
			productName = generaterUITests;
			productReference = 41DA43B422DEF35400E12211 /* generaterUITests.xctest */;
			productType = "com.apple.product-type.bundle.ui-testing";
		};
/* End PBXNativeTarget section */

/* Begin PBXProject section */
		41DA438722DEF35200E12211 /* Project object */ = {
			isa = PBXProject;
			attributes = {
				LastSwiftUpdateCheck = 1020;
				LastUpgradeCheck = 1020;
				ORGANIZATIONNAME = "洞井僚太";
				TargetAttributes = {
					41DA438E22DEF35200E12211 = {
						CreatedOnToolsVersion = 10.2.1;
					};
					41DA43A822DEF35400E12211 = {
						CreatedOnToolsVersion = 10.2.1;
						TestTargetID = 41DA438E22DEF35200E12211;
					};
					41DA43B322DEF35400E12211 = {
						CreatedOnToolsVersion = 10.2.1;
						TestTargetID = 41DA438E22DEF35200E12211;
					};
				};
			};
			buildConfigurationList = 41DA438A22DEF35200E12211 /* Build configuration list for PBXProject "generater" */;
			compatibilityVersion = "Xcode 9.3";
			developmentRegion = en;
			hasScannedForEncodings = 0;
			knownRegions = (
				en,
				Base,
			);
			mainGroup = 41DA438622DEF35200E12211;
			productRefGroup = 41DA439022DEF35200E12211 /* Products */;
			projectDirPath = "";
			projectRoot = "";
			targets = (
				41DA438E22DEF35200E12211 /* generater */,
				41DA43A822DEF35400E12211 /* generaterTests */,
				41DA43B322DEF35400E12211 /* generaterUITests */,
			);
		};
/* End PBXProject section */

/* Begin PBXResourcesBuildPhase section */
		41DA438D22DEF35200E12211 /* Resources */ = {
			isa = PBXResourcesBuildPhase;
			buildActionMask = 2147483647;
			files = (
				41DA439E22DEF35200E12211 /* Main.storyboard in Resources */,
				41DA439522DEF35200E12211 /* GameScene.sks in Resources */,
				41DA43A022DEF35400E12211 /* Assets.xcassets in Resources */,
				41DA43A322DEF35400E12211 /* LaunchScreen.storyboard in Resources */,
				41DA439722DEF35200E12211 /* Actions.sks in Resources */,
			);
			runOnlyForDeploymentPostprocessing = 0;
		};
		41DA43A722DEF35400E12211 /* Resources */ = {
			isa = PBXResourcesBuildPhase;
			buildActionMask = 2147483647;
			files = (
			);
			runOnlyForDeploymentPostprocessing = 0;
		};
		41DA43B222DEF35400E12211 /* Resources */ = {
			isa = PBXResourcesBuildPhase;
			buildActionMask = 2147483647;
			files = (
			);
			runOnlyForDeploymentPostprocessing = 0;
		};
/* End PBXResourcesBuildPhase section */

/* Begin PBXSourcesBuildPhase section */
		41DA438B22DEF35200E12211 /* Sources */ = {
			isa = PBXSourcesBuildPhase;
			buildActionMask = 2147483647;
			files = (
				41DA439922DEF35200E12211 /* GameScene.swift in Sources */,
				41DA439B22DEF35200E12211 /* GameViewController.swift in Sources */,
				41DA439322DEF35200E12211 /* AppDelegate.swift in Sources */,
			);
			runOnlyForDeploymentPostprocessing = 0;
		};
		41DA43A522DEF35400E12211 /* Sources */ = {
			isa = PBXSourcesBuildPhase;
			buildActionMask = 2147483647;
			files = (
				41DA43AE22DEF35400E12211 /* generaterTests.swift in Sources */,
			);
			runOnlyForDeploymentPostprocessing = 0;
		};
		41DA43B022DEF35400E12211 /* Sources */ = {
			isa = PBXSourcesBuildPhase;
			buildActionMask = 2147483647;
			files = (
				41DA43B922DEF35400E12211 /* generaterUITests.swift in Sources */,
			);
			runOnlyForDeploymentPostprocessing = 0;
		};
/* End PBXSourcesBuildPhase section */

/* Begin PBXTargetDependency section */
		41DA43AB22DEF35400E12211 /* PBXTargetDependency */ = {
			isa = PBXTargetDependency;
			target = 41DA438E22DEF35200E12211 /* generater */;
			targetProxy = 41DA43AA22DEF35400E12211 /* PBXContainerItemProxy */;
		};
		41DA43B622DEF35400E12211 /* PBXTargetDependency */ = {
			isa = PBXTargetDependency;
			target = 41DA438E22DEF35200E12211 /* generater */;
			targetProxy = 41DA43B522DEF35400E12211 /* PBXContainerItemProxy */;
		};
/* End PBXTargetDependency section */

/* Begin PBXVariantGroup section */
		41DA439C22DEF35200E12211 /* Main.storyboard */ = {
			isa = PBXVariantGroup;
			children = (
				41DA439D22DEF35200E12211 /* Base */,
			);
			name = Main.storyboard;
			sourceTree = "<group>";
		};
		41DA43A122DEF35400E12211 /* LaunchScreen.storyboard */ = {
			isa = PBXVariantGroup;
			children = (
				41DA43A222DEF35400E12211 /* Base */,
			);
			name = LaunchScreen.storyboard;
			sourceTree = "<group>";
		};
/* End PBXVariantGroup section */

/* Begin XCBuildConfiguration section */
		41DA43BB22DEF35400E12211 /* Debug */ = {
			isa = XCBuildConfiguration;
			buildSettings = {
				ALWAYS_SEARCH_USER_PATHS = NO;
				CLANG_ANALYZER_NONNULL = YES;
				CLANG_ANALYZER_NUMBER_OBJECT_CONVERSION = YES_AGGRESSIVE;
				CLANG_CXX_LANGUAGE_STANDARD = "gnu++14";
				CLANG_CXX_LIBRARY = "libc++";
				CLANG_ENABLE_MODULES = YES;
				CLANG_ENABLE_OBJC_ARC = YES;
				CLANG_ENABLE_OBJC_WEAK = YES;
				CLANG_WARN_BLOCK_CAPTURE_AUTORELEASING = YES;
				CLANG_WARN_BOOL_CONVERSION = YES;
				CLANG_WARN_COMMA = YES;
				CLANG_WARN_CONSTANT_CONVERSION = YES;
				CLANG_WARN_DEPRECATED_OBJC_IMPLEMENTATIONS = YES;
				CLANG_WARN_DIRECT_OBJC_ISA_USAGE = YES_ERROR;
				CLANG_WARN_DOCUMENTATION_COMMENTS = YES;
				CLANG_WARN_EMPTY_BODY = YES;
				CLANG_WARN_ENUM_CONVERSION = YES;
				CLANG_WARN_INFINITE_RECURSION = YES;
				CLANG_WARN_INT_CONVERSION = YES;
				CLANG_WARN_NON_LITERAL_NULL_CONVERSION = YES;
				CLANG_WARN_OBJC_IMPLICIT_RETAIN_SELF = YES;
				CLANG_WARN_OBJC_LITERAL_CONVERSION = YES;
				CLANG_WARN_OBJC_ROOT_CLASS = YES_ERROR;
				CLANG_WARN_RANGE_LOOP_ANALYSIS = YES;
				CLANG_WARN_STRICT_PROTOTYPES = YES;
				CLANG_WARN_SUSPICIOUS_MOVE = YES;
				CLANG_WARN_UNGUARDED_AVAILABILITY = YES_AGGRESSIVE;
				CLANG_WARN_UNREACHABLE_CODE = YES;
				CLANG_WARN__DUPLICATE_METHOD_MATCH = YES;
				CODE_SIGN_IDENTITY = "iPhone Developer";
				COPY_PHASE_STRIP = NO;
				DEBUG_INFORMATION_FORMAT = dwarf;
				ENABLE_STRICT_OBJC_MSGSEND = YES;
				ENABLE_TESTABILITY = YES;
				GCC_C_LANGUAGE_STANDARD = gnu11;
				GCC_DYNAMIC_NO_PIC = NO;
				GCC_NO_COMMON_BLOCKS = YES;
				GCC_OPTIMIZATION_LEVEL = 0;
				GCC_PREPROCESSOR_DEFINITIONS = (
					"DEBUG=1",
					"$(inherited)",
				);
				GCC_WARN_64_TO_32_BIT_CONVERSION = YES;
				GCC_WARN_ABOUT_RETURN_TYPE = YES_ERROR;
				GCC_WARN_UNDECLARED_SELECTOR = YES;
				GCC_WARN_UNINITIALIZED_AUTOS = YES_AGGRESSIVE;
				GCC_WARN_UNUSED_FUNCTION = YES;
				GCC_WARN_UNUSED_VARIABLE = YES;
				IPHONEOS_DEPLOYMENT_TARGET = 12.2;
				MTL_ENABLE_DEBUG_INFO = INCLUDE_SOURCE;
				MTL_FAST_MATH = YES;
				ONLY_ACTIVE_ARCH = YES;
				SDKROOT = iphoneos;
				SWIFT_ACTIVE_COMPILATION_CONDITIONS = DEBUG;
				SWIFT_OPTIMIZATION_LEVEL = "-Onone";
			};
			name = Debug;
		};
		41DA43BC22DEF35400E12211 /* Release */ = {
			isa = XCBuildConfiguration;
			buildSettings = {
				ALWAYS_SEARCH_USER_PATHS = NO;
				CLANG_ANALYZER_NONNULL = YES;
				CLANG_ANALYZER_NUMBER_OBJECT_CONVERSION = YES_AGGRESSIVE;
				CLANG_CXX_LANGUAGE_STANDARD = "gnu++14";
				CLANG_CXX_LIBRARY = "libc++";
				CLANG_ENABLE_MODULES = YES;
				CLANG_ENABLE_OBJC_ARC = YES;
				CLANG_ENABLE_OBJC_WEAK = YES;
				CLANG_WARN_BLOCK_CAPTURE_AUTORELEASING = YES;
				CLANG_WARN_BOOL_CONVERSION = YES;
				CLANG_WARN_COMMA = YES;
				CLANG_WARN_CONSTANT_CONVERSION = YES;
				CLANG_WARN_DEPRECATED_OBJC_IMPLEMENTATIONS = YES;
				CLANG_WARN_DIRECT_OBJC_ISA_USAGE = YES_ERROR;
				CLANG_WARN_DOCUMENTATION_COMMENTS = YES;
				CLANG_WARN_EMPTY_BODY = YES;
				CLANG_WARN_ENUM_CONVERSION = YES;
				CLANG_WARN_INFINITE_RECURSION = YES;
				CLANG_WARN_INT_CONVERSION = YES;
				CLANG_WARN_NON_LITERAL_NULL_CONVERSION = YES;
				CLANG_WARN_OBJC_IMPLICIT_RETAIN_SELF = YES;
				CLANG_WARN_OBJC_LITERAL_CONVERSION = YES;
				CLANG_WARN_OBJC_ROOT_CLASS = YES_ERROR;
				CLANG_WARN_RANGE_LOOP_ANALYSIS = YES;
				CLANG_WARN_STRICT_PROTOTYPES = YES;
				CLANG_WARN_SUSPICIOUS_MOVE = YES;
				CLANG_WARN_UNGUARDED_AVAILABILITY = YES_AGGRESSIVE;
				CLANG_WARN_UNREACHABLE_CODE = YES;
				CLANG_WARN__DUPLICATE_METHOD_MATCH = YES;
				CODE_SIGN_IDENTITY = "iPhone Developer";
				COPY_PHASE_STRIP = NO;
				DEBUG_INFORMATION_FORMAT = "dwarf-with-dsym";
				ENABLE_NS_ASSERTIONS = NO;
				ENABLE_STRICT_OBJC_MSGSEND = YES;
				GCC_C_LANGUAGE_STANDARD = gnu11;
				GCC_NO_COMMON_BLOCKS = YES;
				GCC_WARN_64_TO_32_BIT_CONVERSION = YES;
				GCC_WARN_ABOUT_RETURN_TYPE = YES_ERROR;
				GCC_WARN_UNDECLARED_SELECTOR = YES;
				GCC_WARN_UNINITIALIZED_AUTOS = YES_AGGRESSIVE;
				GCC_WARN_UNUSED_FUNCTION = YES;
				GCC_WARN_UNUSED_VARIABLE = YES;
				IPHONEOS_DEPLOYMENT_TARGET = 12.2;
				MTL_ENABLE_DEBUG_INFO = NO;
				MTL_FAST_MATH = YES;
				SDKROOT = iphoneos;
				SWIFT_COMPILATION_MODE = wholemodule;
				SWIFT_OPTIMIZATION_LEVEL = "-O";
				VALIDATE_PRODUCT = YES;
			};
			name = Release;
		};
		41DA43BE22DEF35400E12211 /* Debug */ = {
			isa = XCBuildConfiguration;
			buildSettings = {
				ASSETCATALOG_COMPILER_APPICON_NAME = AppIcon;
				CODE_SIGN_STYLE = Automatic;
				DEVELOPMENT_TEAM = UF6465UXER;
				INFOPLIST_FILE = generater/Info.plist;
				LD_RUNPATH_SEARCH_PATHS = (
					"$(inherited)",
					"@executable_path/Frameworks",
				);
				PRODUCT_BUNDLE_IDENTIFIER = dry.generater;
				PRODUCT_NAME = "$(TARGET_NAME)";
				SWIFT_VERSION = 5.0;
				TARGETED_DEVICE_FAMILY = "1,2";
			};
			name = Debug;
		};
		41DA43BF22DEF35400E12211 /* Release */ = {
			isa = XCBuildConfiguration;
			buildSettings = {
				ASSETCATALOG_COMPILER_APPICON_NAME = AppIcon;
				CODE_SIGN_STYLE = Automatic;
				DEVELOPMENT_TEAM = UF6465UXER;
				INFOPLIST_FILE = generater/Info.plist;
				LD_RUNPATH_SEARCH_PATHS = (
					"$(inherited)",
					"@executable_path/Frameworks",
				);
				PRODUCT_BUNDLE_IDENTIFIER = dry.generater;
				PRODUCT_NAME = "$(TARGET_NAME)";
				SWIFT_VERSION = 5.0;
				TARGETED_DEVICE_FAMILY = "1,2";
			};
			name = Release;
		};
		41DA43C122DEF35400E12211 /* Debug */ = {
			isa = XCBuildConfiguration;
			buildSettings = {
				ALWAYS_EMBED_SWIFT_STANDARD_LIBRARIES = YES;
				BUNDLE_LOADER = "$(TEST_HOST)";
				CODE_SIGN_STYLE = Automatic;
				DEVELOPMENT_TEAM = UF6465UXER;
				INFOPLIST_FILE = generaterTests/Info.plist;
				LD_RUNPATH_SEARCH_PATHS = (
					"$(inherited)",
					"@executable_path/Frameworks",
					"@loader_path/Frameworks",
				);
				PRODUCT_BUNDLE_IDENTIFIER = dry.generaterTests;
				PRODUCT_NAME = "$(TARGET_NAME)";
				SWIFT_VERSION = 5.0;
				TARGETED_DEVICE_FAMILY = "1,2";
				TEST_HOST = "$(BUILT_PRODUCTS_DIR)/generater.app/generater";
			};
			name = Debug;
		};
		41DA43C222DEF35400E12211 /* Release */ = {
			isa = XCBuildConfiguration;
			buildSettings = {
				ALWAYS_EMBED_SWIFT_STANDARD_LIBRARIES = YES;
				BUNDLE_LOADER = "$(TEST_HOST)";
				CODE_SIGN_STYLE = Automatic;
				DEVELOPMENT_TEAM = UF6465UXER;
				INFOPLIST_FILE = generaterTests/Info.plist;
				LD_RUNPATH_SEARCH_PATHS = (
					"$(inherited)",
					"@executable_path/Frameworks",
					"@loader_path/Frameworks",
				);
				PRODUCT_BUNDLE_IDENTIFIER = dry.generaterTests;
				PRODUCT_NAME = "$(TARGET_NAME)";
				SWIFT_VERSION = 5.0;
				TARGETED_DEVICE_FAMILY = "1,2";
				TEST_HOST = "$(BUILT_PRODUCTS_DIR)/generater.app/generater";
			};
			name = Release;
		};
		41DA43C422DEF35400E12211 /* Debug */ = {
			isa = XCBuildConfiguration;
			buildSettings = {
				ALWAYS_EMBED_SWIFT_STANDARD_LIBRARIES = YES;
				CODE_SIGN_STYLE = Automatic;
				DEVELOPMENT_TEAM = UF6465UXER;
				INFOPLIST_FILE = generaterUITests/Info.plist;
				LD_RUNPATH_SEARCH_PATHS = (
					"$(inherited)",
					"@executable_path/Frameworks",
					"@loader_path/Frameworks",
				);
				PRODUCT_BUNDLE_IDENTIFIER = dry.generaterUITests;
				PRODUCT_NAME = "$(TARGET_NAME)";
				SWIFT_VERSION = 5.0;
				TARGETED_DEVICE_FAMILY = "1,2";
				TEST_TARGET_NAME = generater;
			};
			name = Debug;
		};
		41DA43C522DEF35400E12211 /* Release */ = {
			isa = XCBuildConfiguration;
			buildSettings = {
				ALWAYS_EMBED_SWIFT_STANDARD_LIBRARIES = YES;
				CODE_SIGN_STYLE = Automatic;
				DEVELOPMENT_TEAM = UF6465UXER;
				INFOPLIST_FILE = generaterUITests/Info.plist;
				LD_RUNPATH_SEARCH_PATHS = (
					"$(inherited)",
					"@executable_path/Frameworks",
					"@loader_path/Frameworks",
				);
				PRODUCT_BUNDLE_IDENTIFIER = dry.generaterUITests;
				PRODUCT_NAME = "$(TARGET_NAME)";
				SWIFT_VERSION = 5.0;
				TARGETED_DEVICE_FAMILY = "1,2";
				TEST_TARGET_NAME = generater;
			};
			name = Release;
		};
/* End XCBuildConfiguration section */

/* Begin XCConfigurationList section */
		41DA438A22DEF35200E12211 /* Build configuration list for PBXProject "generater" */ = {
			isa = XCConfigurationList;
			buildConfigurations = (
				41DA43BB22DEF35400E12211 /* Debug */,
				41DA43BC22DEF35400E12211 /* Release */,
			);
			defaultConfigurationIsVisible = 0;
			defaultConfigurationName = Release;
		};
		41DA43BD22DEF35400E12211 /* Build configuration list for PBXNativeTarget "generater" */ = {
			isa = XCConfigurationList;
			buildConfigurations = (
				41DA43BE22DEF35400E12211 /* Debug */,
				41DA43BF22DEF35400E12211 /* Release */,
			);
			defaultConfigurationIsVisible = 0;
			defaultConfigurationName = Release;
		};
		41DA43C022DEF35400E12211 /* Build configuration list for PBXNativeTarget "generaterTests" */ = {
			isa = XCConfigurationList;
			buildConfigurations = (
				41DA43C122DEF35400E12211 /* Debug */,
				41DA43C222DEF35400E12211 /* Release */,
			);
			defaultConfigurationIsVisible = 0;
			defaultConfigurationName = Release;
		};
		41DA43C322DEF35400E12211 /* Build configuration list for PBXNativeTarget "generaterUITests" */ = {
			isa = XCConfigurationList;
			buildConfigurations = (
				41DA43C422DEF35400E12211 /* Debug */,
				41DA43C522DEF35400E12211 /* Release */,
			);
			defaultConfigurationIsVisible = 0;
			defaultConfigurationName = Release;
		};
/* End XCConfigurationList section */
	};
	rootObject = 41DA438722DEF35200E12211 /* Project object */;
}
